
Microsoft Visual Studio Solution File, Format Version 12.00
# Visual Studio Version 17
VisualStudioVersion = 17.1.32120.378
MinimumVisualStudioVersion = 10.0.40219.1
Project("{9A19103F-16F7-4668-BE54-9A1E7A4F7556}") = "WorldSeeder", "Seeders\WorldSeeder\WorldSeeder.csproj", "{62683399-B294-47AD-80BE-5B6F79551C32}"
EndProject
Project("{9A19103F-16F7-4668-BE54-9A1E7A4F7556}") = "WorldScanSeeder", "Seeders\WorldScanSeeder\WorldScanSeeder.csproj", "{C4C15676-0E76-4814-95D0-CF3B9DFCCE67}"
EndProject
Project("{9A19103F-16F7-4668-BE54-9A1E7A4F7556}") = "Shared", "Shared\Shared\Shared.csproj", "{9C67C3DA-4429-4865-9895-E69966D87A32}"
EndProject
Project("{2150E333-8FDC-42A3-9474-1A3956D46DE8}") = "API", "API", "{DCB2AD71-21DC-404B-9696-395813705E3D}"
EndProject
Project("{2150E333-8FDC-42A3-9474-1A3956D46DE8}") = "Seeders", "Seeders", "{0C2A80AE-DEC4-4F8C-ABAF-3547546282A8}"
EndProject
Project("{2150E333-8FDC-42A3-9474-1A3956D46DE8}") = "Shared", "Shared", "{AD1CA861-E25C-4B7B-BD21-F7BBCBE77F1F}"
EndProject
Project("{9A19103F-16F7-4668-BE54-9A1E7A4F7556}") = "TibiaEnemyOtherCharactersFinder.Api", "API\TibiaEnemyOtherCharactersFinder.Api\TibiaEnemyOtherCharactersFinder.Api.csproj", "{A6E7F985-BC14-40A6-8049-A936EE2AEBA7}"
EndProject
Project("{9A19103F-16F7-4668-BE54-9A1E7A4F7556}") = "TibiaEnemyOtherCharactersFinder.Application", "API\TibiaEnemyOtherCharactersFinder.Application\TibiaEnemyOtherCharactersFinder.Application.csproj", "{99E16C7A-3BE7-413A-A54F-6D300B8A8880}"
EndProject
Project("{9A19103F-16F7-4668-BE54-9A1E7A4F7556}") = "TibiaEnemyOtherCharactersFinder.Domain", "API\TibiaEnemyOtherCharactersFinder.Domain\TibiaEnemyOtherCharactersFinder.Domain.csproj", "{D8B7A54B-4B18-4FF6-ADFA-DF98DD606ACE}"
EndProject
Project("{9A19103F-16F7-4668-BE54-9A1E7A4F7556}") = "TibiaEnemyOtherCharactersFinder.Infrastructure", "API\TibiaEnemyOtherCharactersFinder.Infrastructure\TibiaEnemyOtherCharactersFinder.Infrastructure.csproj", "{B1A02783-D5EB-4F68-A15A-CA9D53819A05}"
EndProject
Project("{9A19103F-16F7-4668-BE54-9A1E7A4F7556}") = "CharacterAnalyser", "Seeders\CharacterAnalyser\CharacterAnalyser.csproj", "{C6C05A9C-3668-4026-BD72-93741CBB4069}"
EndProject
Project("{9A19103F-16F7-4668-BE54-9A1E7A4F7556}") = "DbCleaner", "Seeders\DbTableCleaner\DbCleaner.csproj", "{97DF333E-420F-4CEC-A711-A3D78640966D}"
EndProject
Global
	GlobalSection(SolutionConfigurationPlatforms) = preSolution
		Debug|Any CPU = Debug|Any CPU
		Release|Any CPU = Release|Any CPU
	EndGlobalSection
	GlobalSection(ProjectConfigurationPlatforms) = postSolution
		{62683399-B294-47AD-80BE-5B6F79551C32}.Debug|Any CPU.ActiveCfg = Debug|Any CPU
		{62683399-B294-47AD-80BE-5B6F79551C32}.Debug|Any CPU.Build.0 = Debug|Any CPU
		{62683399-B294-47AD-80BE-5B6F79551C32}.Release|Any CPU.ActiveCfg = Release|Any CPU
		{62683399-B294-47AD-80BE-5B6F79551C32}.Release|Any CPU.Build.0 = Release|Any CPU
		{C4C15676-0E76-4814-95D0-CF3B9DFCCE67}.Debug|Any CPU.ActiveCfg = Debug|Any CPU
		{C4C15676-0E76-4814-95D0-CF3B9DFCCE67}.Debug|Any CPU.Build.0 = Debug|Any CPU
		{C4C15676-0E76-4814-95D0-CF3B9DFCCE67}.Release|Any CPU.ActiveCfg = Release|Any CPU
		{C4C15676-0E76-4814-95D0-CF3B9DFCCE67}.Release|Any CPU.Build.0 = Release|Any CPU
		{9C67C3DA-4429-4865-9895-E69966D87A32}.Debug|Any CPU.ActiveCfg = Debug|Any CPU
		{9C67C3DA-4429-4865-9895-E69966D87A32}.Debug|Any CPU.Build.0 = Debug|Any CPU
		{9C67C3DA-4429-4865-9895-E69966D87A32}.Release|Any CPU.ActiveCfg = Release|Any CPU
		{9C67C3DA-4429-4865-9895-E69966D87A32}.Release|Any CPU.Build.0 = Release|Any CPU
		{A6E7F985-BC14-40A6-8049-A936EE2AEBA7}.Debug|Any CPU.ActiveCfg = Debug|Any CPU
		{A6E7F985-BC14-40A6-8049-A936EE2AEBA7}.Debug|Any CPU.Build.0 = Debug|Any CPU
		{A6E7F985-BC14-40A6-8049-A936EE2AEBA7}.Release|Any CPU.ActiveCfg = Release|Any CPU
		{A6E7F985-BC14-40A6-8049-A936EE2AEBA7}.Release|Any CPU.Build.0 = Release|Any CPU
		{99E16C7A-3BE7-413A-A54F-6D300B8A8880}.Debug|Any CPU.ActiveCfg = Debug|Any CPU
		{99E16C7A-3BE7-413A-A54F-6D300B8A8880}.Debug|Any CPU.Build.0 = Debug|Any CPU
		{99E16C7A-3BE7-413A-A54F-6D300B8A8880}.Release|Any CPU.ActiveCfg = Release|Any CPU
		{99E16C7A-3BE7-413A-A54F-6D300B8A8880}.Release|Any CPU.Build.0 = Release|Any CPU
		{D8B7A54B-4B18-4FF6-ADFA-DF98DD606ACE}.Debug|Any CPU.ActiveCfg = Debug|Any CPU
		{D8B7A54B-4B18-4FF6-ADFA-DF98DD606ACE}.Debug|Any CPU.Build.0 = Debug|Any CPU
		{D8B7A54B-4B18-4FF6-ADFA-DF98DD606ACE}.Release|Any CPU.ActiveCfg = Release|Any CPU
		{D8B7A54B-4B18-4FF6-ADFA-DF98DD606ACE}.Release|Any CPU.Build.0 = Release|Any CPU
		{B1A02783-D5EB-4F68-A15A-CA9D53819A05}.Debug|Any CPU.ActiveCfg = Debug|Any CPU
		{B1A02783-D5EB-4F68-A15A-CA9D53819A05}.Debug|Any CPU.Build.0 = Debug|Any CPU
		{B1A02783-D5EB-4F68-A15A-CA9D53819A05}.Release|Any CPU.ActiveCfg = Release|Any CPU
		{B1A02783-D5EB-4F68-A15A-CA9D53819A05}.Release|Any CPU.Build.0 = Release|Any CPU
		{C6C05A9C-3668-4026-BD72-93741CBB4069}.Debug|Any CPU.ActiveCfg = Debug|Any CPU
		{C6C05A9C-3668-4026-BD72-93741CBB4069}.Debug|Any CPU.Build.0 = Debug|Any CPU
		{C6C05A9C-3668-4026-BD72-93741CBB4069}.Release|Any CPU.ActiveCfg = Release|Any CPU
		{C6C05A9C-3668-4026-BD72-93741CBB4069}.Release|Any CPU.Build.0 = Release|Any CPU
		{97DF333E-420F-4CEC-A711-A3D78640966D}.Debug|Any CPU.ActiveCfg = Debug|Any CPU
		{97DF333E-420F-4CEC-A711-A3D78640966D}.Debug|Any CPU.Build.0 = Debug|Any CPU
		{97DF333E-420F-4CEC-A711-A3D78640966D}.Release|Any CPU.ActiveCfg = Release|Any CPU
		{97DF333E-420F-4CEC-A711-A3D78640966D}.Release|Any CPU.Build.0 = Release|Any CPU
	EndGlobalSection
	GlobalSection(SolutionProperties) = preSolution
		HideSolutionNode = FALSE
	EndGlobalSection
	GlobalSection(NestedProjects) = preSolution
		{62683399-B294-47AD-80BE-5B6F79551C32} = {0C2A80AE-DEC4-4F8C-ABAF-3547546282A8}
		{C4C15676-0E76-4814-95D0-CF3B9DFCCE67} = {0C2A80AE-DEC4-4F8C-ABAF-3547546282A8}
		{9C67C3DA-4429-4865-9895-E69966D87A32} = {AD1CA861-E25C-4B7B-BD21-F7BBCBE77F1F}
		{A6E7F985-BC14-40A6-8049-A936EE2AEBA7} = {DCB2AD71-21DC-404B-9696-395813705E3D}
		{99E16C7A-3BE7-413A-A54F-6D300B8A8880} = {DCB2AD71-21DC-404B-9696-395813705E3D}
		{D8B7A54B-4B18-4FF6-ADFA-DF98DD606ACE} = {DCB2AD71-21DC-404B-9696-395813705E3D}
		{B1A02783-D5EB-4F68-A15A-CA9D53819A05} = {DCB2AD71-21DC-404B-9696-395813705E3D}
		{C6C05A9C-3668-4026-BD72-93741CBB4069} = {0C2A80AE-DEC4-4F8C-ABAF-3547546282A8}
		{97DF333E-420F-4CEC-A711-A3D78640966D} = {0C2A80AE-DEC4-4F8C-ABAF-3547546282A8}
	EndGlobalSection
	GlobalSection(ExtensibilityGlobals) = postSolution
		SolutionGuid = {FC00B179-AF59-4167-8549-F28CE809505E}
	EndGlobalSection
EndGlobal
