
Microsoft Visual Studio Solution File, Format Version 12.00
# Visual Studio Version 17
VisualStudioVersion = 17.1.32120.378
MinimumVisualStudioVersion = 10.0.40219.1
Project("{9A19103F-16F7-4668-BE54-9A1E7A4F7556}") = "WorldSeeder", "Seeders\src\WorldSeeder\WorldSeeder.csproj", "{62683399-B294-47AD-80BE-5B6F79551C32}"
EndProject
Project("{9A19103F-16F7-4668-BE54-9A1E7A4F7556}") = "WorldScanSeeder", "Seeders\src\WorldScanSeeder\WorldScanSeeder.csproj", "{C4C15676-0E76-4814-95D0-CF3B9DFCCE67}"
EndProject
Project("{9A19103F-16F7-4668-BE54-9A1E7A4F7556}") = "Shared", "Shared\src\Shared\Shared.csproj", "{9C67C3DA-4429-4865-9895-E69966D87A32}"
EndProject
Project("{2150E333-8FDC-42A3-9474-1A3956D46DE8}") = "API", "API", "{DCB2AD71-21DC-404B-9696-395813705E3D}"
EndProject
Project("{2150E333-8FDC-42A3-9474-1A3956D46DE8}") = "Seeders", "Seeders", "{0C2A80AE-DEC4-4F8C-ABAF-3547546282A8}"
EndProject
Project("{2150E333-8FDC-42A3-9474-1A3956D46DE8}") = "Shared", "Shared", "{AD1CA861-E25C-4B7B-BD21-F7BBCBE77F1F}"
EndProject
Project("{9A19103F-16F7-4668-BE54-9A1E7A4F7556}") = "TibiaEnemyOtherCharactersFinder.Api", "API\src\TibiaEnemyOtherCharactersFinder.Api\TibiaEnemyOtherCharactersFinder.Api.csproj", "{A6E7F985-BC14-40A6-8049-A936EE2AEBA7}"
EndProject
Project("{9A19103F-16F7-4668-BE54-9A1E7A4F7556}") = "TibiaEnemyOtherCharactersFinder.Application", "API\src\TibiaEnemyOtherCharactersFinder.Application\TibiaEnemyOtherCharactersFinder.Application.csproj", "{99E16C7A-3BE7-413A-A54F-6D300B8A8880}"
EndProject
Project("{9A19103F-16F7-4668-BE54-9A1E7A4F7556}") = "TibiaEnemyOtherCharactersFinder.Domain", "API\src\TibiaEnemyOtherCharactersFinder.Domain\TibiaEnemyOtherCharactersFinder.Domain.csproj", "{D8B7A54B-4B18-4FF6-ADFA-DF98DD606ACE}"
EndProject
Project("{9A19103F-16F7-4668-BE54-9A1E7A4F7556}") = "TibiaEnemyOtherCharactersFinder.Infrastructure", "API\src\TibiaEnemyOtherCharactersFinder.Infrastructure\TibiaEnemyOtherCharactersFinder.Infrastructure.csproj", "{B1A02783-D5EB-4F68-A15A-CA9D53819A05}"
EndProject
Project("{9A19103F-16F7-4668-BE54-9A1E7A4F7556}") = "CharacterAnalyser", "Seeders\src\CharacterAnalyser\CharacterAnalyser.csproj", "{C6C05A9C-3668-4026-BD72-93741CBB4069}"
EndProject
Project("{9A19103F-16F7-4668-BE54-9A1E7A4F7556}") = "DbCleaner", "Seeders\src\DbTableCleaner\DbCleaner.csproj", "{97DF333E-420F-4CEC-A711-A3D78640966D}"
EndProject
Project("{2150E333-8FDC-42A3-9474-1A3956D46DE8}") = "src", "src", "{15C8FA6C-CC07-4AD3-B6B8-D809AA953C69}"
EndProject
Project("{2150E333-8FDC-42A3-9474-1A3956D46DE8}") = "tests", "tests", "{537524FD-C088-4356-B023-39304CCB1F27}"
EndProject
Project("{2150E333-8FDC-42A3-9474-1A3956D46DE8}") = "src", "src", "{6E39EF2A-2364-4A21-A879-A7511DAEB053}"
EndProject
Project("{2150E333-8FDC-42A3-9474-1A3956D46DE8}") = "tests", "tests", "{A39C1CF4-08DC-4073-A598-05311C9AF34C}"
EndProject
Project("{2150E333-8FDC-42A3-9474-1A3956D46DE8}") = "src", "src", "{C56BB902-4B72-4581-A37C-6C357EF59D2B}"
EndProject
Project("{FAE04EC0-301F-11D3-BF4B-00C04F79EFBC}") = "Seeders.Tests", "Seeders\tests\Seeders.Tests\Seeders.Tests.csproj", "{9363F086-CCB0-4A20-B5A7-20F9CDA45CF6}"
EndProject
Project("{FAE04EC0-301F-11D3-BF4B-00C04F79EFBC}") = "TibiaEnemyOtherCharacterFinder.Tests", "API\tests\TibiaEnemyOtherCharacterFinder.Tests\TibiaEnemyOtherCharacterFinder.Tests.csproj", "{666A568D-C181-4162-9BD8-4A0C5DD573D3}"
EndProject
Project("{FAE04EC0-301F-11D3-BF4B-00C04F79EFBC}") = "TibiaEnemyOtherCharacterFinder.IntegrationTests", "API\tests\TibiaEnemyOtherCharacterFinder.IntegrationTests\TibiaEnemyOtherCharacterFinder.IntegrationTests.csproj", "{A2F7AEEB-11F1-405F-B3C2-A8DA63BF9594}"
EndProject
Project("{FAE04EC0-301F-11D3-BF4B-00C04F79EFBC}") = "Seeders.IntegrationTests", "Seeders\tests\Seeders.IntegrationTests\Seeders.IntegrationTests.csproj", "{510E58C6-56AC-4911-97BF-58CA6C2970A9}"
EndProject
Project("{FAE04EC0-301F-11D3-BF4B-00C04F79EFBC}") = "Seeders.Benchmark", "Seeders\tests\Seeders.Benchmark\Seeders.Benchmark.csproj", "{D1692424-904A-4F63-8B5D-509C2FA5EF58}"
EndProject
Project("{FAE04EC0-301F-11D3-BF4B-00C04F79EFBC}") = "ChangeNameDetector", "Seeders\src\ChangeNameDetector\ChangeNameDetector.csproj", "{581B4FAA-5BF1-4FF3-BF04-B0FDD8BDDDC6}"
EndProject
Project("{FAE04EC0-301F-11D3-BF4B-00C04F79EFBC}") = "Shared.RabbitMq", "Shared\src\Shared.RabbitMq\Shared.RabbitMq.csproj", "{578BBFCF-8991-4E57-A079-1962F1615B93}"
EndProject
Project("{2150E333-8FDC-42A3-9474-1A3956D46DE8}") = "Samples", "Samples", "{86A20BAB-CD99-45EA-A907-19DCA4F5BFFD}"
EndProject
Project("{2150E333-8FDC-42A3-9474-1A3956D46DE8}") = "src", "src", "{D819CD02-7505-4BDE-81A1-0682DCFD4A68}"
EndProject
Project("{FAE04EC0-301F-11D3-BF4B-00C04F79EFBC}") = "RabbitMqSubscriber", "Samples\src\RabbitMqSubscriber\RabbitMqSubscriber.csproj", "{693B9288-8E15-453E-AB26-7042AB9FCB70}"
EndProject
Global
	GlobalSection(SolutionConfigurationPlatforms) = preSolution
		Debug|Any CPU = Debug|Any CPU
		Release|Any CPU = Release|Any CPU
	EndGlobalSection
	GlobalSection(ProjectConfigurationPlatforms) = postSolution
		{62683399-B294-47AD-80BE-5B6F79551C32}.Debug|Any CPU.ActiveCfg = Debug|Any CPU
		{62683399-B294-47AD-80BE-5B6F79551C32}.Debug|Any CPU.Build.0 = Debug|Any CPU
		{62683399-B294-47AD-80BE-5B6F79551C32}.Release|Any CPU.ActiveCfg = Release|Any CPU
		{62683399-B294-47AD-80BE-5B6F79551C32}.Release|Any CPU.Build.0 = Release|Any CPU
		{C4C15676-0E76-4814-95D0-CF3B9DFCCE67}.Debug|Any CPU.ActiveCfg = Debug|Any CPU
		{C4C15676-0E76-4814-95D0-CF3B9DFCCE67}.Debug|Any CPU.Build.0 = Debug|Any CPU
		{C4C15676-0E76-4814-95D0-CF3B9DFCCE67}.Release|Any CPU.ActiveCfg = Release|Any CPU
		{C4C15676-0E76-4814-95D0-CF3B9DFCCE67}.Release|Any CPU.Build.0 = Release|Any CPU
		{9C67C3DA-4429-4865-9895-E69966D87A32}.Debug|Any CPU.ActiveCfg = Debug|Any CPU
		{9C67C3DA-4429-4865-9895-E69966D87A32}.Debug|Any CPU.Build.0 = Debug|Any CPU
		{9C67C3DA-4429-4865-9895-E69966D87A32}.Release|Any CPU.ActiveCfg = Release|Any CPU
		{9C67C3DA-4429-4865-9895-E69966D87A32}.Release|Any CPU.Build.0 = Release|Any CPU
		{A6E7F985-BC14-40A6-8049-A936EE2AEBA7}.Debug|Any CPU.ActiveCfg = Debug|Any CPU
		{A6E7F985-BC14-40A6-8049-A936EE2AEBA7}.Debug|Any CPU.Build.0 = Debug|Any CPU
		{A6E7F985-BC14-40A6-8049-A936EE2AEBA7}.Release|Any CPU.ActiveCfg = Release|Any CPU
		{A6E7F985-BC14-40A6-8049-A936EE2AEBA7}.Release|Any CPU.Build.0 = Release|Any CPU
		{99E16C7A-3BE7-413A-A54F-6D300B8A8880}.Debug|Any CPU.ActiveCfg = Debug|Any CPU
		{99E16C7A-3BE7-413A-A54F-6D300B8A8880}.Debug|Any CPU.Build.0 = Debug|Any CPU
		{99E16C7A-3BE7-413A-A54F-6D300B8A8880}.Release|Any CPU.ActiveCfg = Release|Any CPU
		{99E16C7A-3BE7-413A-A54F-6D300B8A8880}.Release|Any CPU.Build.0 = Release|Any CPU
		{D8B7A54B-4B18-4FF6-ADFA-DF98DD606ACE}.Debug|Any CPU.ActiveCfg = Debug|Any CPU
		{D8B7A54B-4B18-4FF6-ADFA-DF98DD606ACE}.Debug|Any CPU.Build.0 = Debug|Any CPU
		{D8B7A54B-4B18-4FF6-ADFA-DF98DD606ACE}.Release|Any CPU.ActiveCfg = Release|Any CPU
		{D8B7A54B-4B18-4FF6-ADFA-DF98DD606ACE}.Release|Any CPU.Build.0 = Release|Any CPU
		{B1A02783-D5EB-4F68-A15A-CA9D53819A05}.Debug|Any CPU.ActiveCfg = Debug|Any CPU
		{B1A02783-D5EB-4F68-A15A-CA9D53819A05}.Debug|Any CPU.Build.0 = Debug|Any CPU
		{B1A02783-D5EB-4F68-A15A-CA9D53819A05}.Release|Any CPU.ActiveCfg = Release|Any CPU
		{B1A02783-D5EB-4F68-A15A-CA9D53819A05}.Release|Any CPU.Build.0 = Release|Any CPU
		{C6C05A9C-3668-4026-BD72-93741CBB4069}.Debug|Any CPU.ActiveCfg = Debug|Any CPU
		{C6C05A9C-3668-4026-BD72-93741CBB4069}.Debug|Any CPU.Build.0 = Debug|Any CPU
		{C6C05A9C-3668-4026-BD72-93741CBB4069}.Release|Any CPU.ActiveCfg = Release|Any CPU
		{C6C05A9C-3668-4026-BD72-93741CBB4069}.Release|Any CPU.Build.0 = Release|Any CPU
		{97DF333E-420F-4CEC-A711-A3D78640966D}.Debug|Any CPU.ActiveCfg = Debug|Any CPU
		{97DF333E-420F-4CEC-A711-A3D78640966D}.Debug|Any CPU.Build.0 = Debug|Any CPU
		{97DF333E-420F-4CEC-A711-A3D78640966D}.Release|Any CPU.ActiveCfg = Release|Any CPU
		{97DF333E-420F-4CEC-A711-A3D78640966D}.Release|Any CPU.Build.0 = Release|Any CPU
		{9363F086-CCB0-4A20-B5A7-20F9CDA45CF6}.Debug|Any CPU.ActiveCfg = Debug|Any CPU
		{9363F086-CCB0-4A20-B5A7-20F9CDA45CF6}.Debug|Any CPU.Build.0 = Debug|Any CPU
		{9363F086-CCB0-4A20-B5A7-20F9CDA45CF6}.Release|Any CPU.ActiveCfg = Release|Any CPU
		{9363F086-CCB0-4A20-B5A7-20F9CDA45CF6}.Release|Any CPU.Build.0 = Release|Any CPU
		{666A568D-C181-4162-9BD8-4A0C5DD573D3}.Debug|Any CPU.ActiveCfg = Debug|Any CPU
		{666A568D-C181-4162-9BD8-4A0C5DD573D3}.Debug|Any CPU.Build.0 = Debug|Any CPU
		{666A568D-C181-4162-9BD8-4A0C5DD573D3}.Release|Any CPU.ActiveCfg = Release|Any CPU
		{666A568D-C181-4162-9BD8-4A0C5DD573D3}.Release|Any CPU.Build.0 = Release|Any CPU
		{A2F7AEEB-11F1-405F-B3C2-A8DA63BF9594}.Debug|Any CPU.ActiveCfg = Debug|Any CPU
		{A2F7AEEB-11F1-405F-B3C2-A8DA63BF9594}.Debug|Any CPU.Build.0 = Debug|Any CPU
		{A2F7AEEB-11F1-405F-B3C2-A8DA63BF9594}.Release|Any CPU.ActiveCfg = Release|Any CPU
		{A2F7AEEB-11F1-405F-B3C2-A8DA63BF9594}.Release|Any CPU.Build.0 = Release|Any CPU
		{510E58C6-56AC-4911-97BF-58CA6C2970A9}.Debug|Any CPU.ActiveCfg = Debug|Any CPU
		{510E58C6-56AC-4911-97BF-58CA6C2970A9}.Debug|Any CPU.Build.0 = Debug|Any CPU
		{510E58C6-56AC-4911-97BF-58CA6C2970A9}.Release|Any CPU.ActiveCfg = Release|Any CPU
		{510E58C6-56AC-4911-97BF-58CA6C2970A9}.Release|Any CPU.Build.0 = Release|Any CPU
		{D1692424-904A-4F63-8B5D-509C2FA5EF58}.Debug|Any CPU.ActiveCfg = Debug|Any CPU
		{D1692424-904A-4F63-8B5D-509C2FA5EF58}.Debug|Any CPU.Build.0 = Debug|Any CPU
		{D1692424-904A-4F63-8B5D-509C2FA5EF58}.Release|Any CPU.ActiveCfg = Release|Any CPU
		{D1692424-904A-4F63-8B5D-509C2FA5EF58}.Release|Any CPU.Build.0 = Release|Any CPU
		{581B4FAA-5BF1-4FF3-BF04-B0FDD8BDDDC6}.Debug|Any CPU.ActiveCfg = Debug|Any CPU
		{581B4FAA-5BF1-4FF3-BF04-B0FDD8BDDDC6}.Debug|Any CPU.Build.0 = Debug|Any CPU
		{581B4FAA-5BF1-4FF3-BF04-B0FDD8BDDDC6}.Release|Any CPU.ActiveCfg = Release|Any CPU
		{581B4FAA-5BF1-4FF3-BF04-B0FDD8BDDDC6}.Release|Any CPU.Build.0 = Release|Any CPU
		{578BBFCF-8991-4E57-A079-1962F1615B93}.Debug|Any CPU.ActiveCfg = Debug|Any CPU
		{578BBFCF-8991-4E57-A079-1962F1615B93}.Debug|Any CPU.Build.0 = Debug|Any CPU
		{578BBFCF-8991-4E57-A079-1962F1615B93}.Release|Any CPU.ActiveCfg = Release|Any CPU
		{578BBFCF-8991-4E57-A079-1962F1615B93}.Release|Any CPU.Build.0 = Release|Any CPU
		{693B9288-8E15-453E-AB26-7042AB9FCB70}.Debug|Any CPU.ActiveCfg = Debug|Any CPU
		{693B9288-8E15-453E-AB26-7042AB9FCB70}.Debug|Any CPU.Build.0 = Debug|Any CPU
		{693B9288-8E15-453E-AB26-7042AB9FCB70}.Release|Any CPU.ActiveCfg = Release|Any CPU
		{693B9288-8E15-453E-AB26-7042AB9FCB70}.Release|Any CPU.Build.0 = Release|Any CPU
	EndGlobalSection
	GlobalSection(SolutionProperties) = preSolution
		HideSolutionNode = FALSE
	EndGlobalSection
	GlobalSection(NestedProjects) = preSolution
		{62683399-B294-47AD-80BE-5B6F79551C32} = {6E39EF2A-2364-4A21-A879-A7511DAEB053}
		{C4C15676-0E76-4814-95D0-CF3B9DFCCE67} = {6E39EF2A-2364-4A21-A879-A7511DAEB053}
		{9C67C3DA-4429-4865-9895-E69966D87A32} = {C56BB902-4B72-4581-A37C-6C357EF59D2B}
		{A6E7F985-BC14-40A6-8049-A936EE2AEBA7} = {15C8FA6C-CC07-4AD3-B6B8-D809AA953C69}
		{99E16C7A-3BE7-413A-A54F-6D300B8A8880} = {15C8FA6C-CC07-4AD3-B6B8-D809AA953C69}
		{D8B7A54B-4B18-4FF6-ADFA-DF98DD606ACE} = {15C8FA6C-CC07-4AD3-B6B8-D809AA953C69}
		{B1A02783-D5EB-4F68-A15A-CA9D53819A05} = {15C8FA6C-CC07-4AD3-B6B8-D809AA953C69}
		{C6C05A9C-3668-4026-BD72-93741CBB4069} = {6E39EF2A-2364-4A21-A879-A7511DAEB053}
		{97DF333E-420F-4CEC-A711-A3D78640966D} = {6E39EF2A-2364-4A21-A879-A7511DAEB053}
		{15C8FA6C-CC07-4AD3-B6B8-D809AA953C69} = {DCB2AD71-21DC-404B-9696-395813705E3D}
		{537524FD-C088-4356-B023-39304CCB1F27} = {DCB2AD71-21DC-404B-9696-395813705E3D}
		{6E39EF2A-2364-4A21-A879-A7511DAEB053} = {0C2A80AE-DEC4-4F8C-ABAF-3547546282A8}
		{A39C1CF4-08DC-4073-A598-05311C9AF34C} = {0C2A80AE-DEC4-4F8C-ABAF-3547546282A8}
		{C56BB902-4B72-4581-A37C-6C357EF59D2B} = {AD1CA861-E25C-4B7B-BD21-F7BBCBE77F1F}
		{9363F086-CCB0-4A20-B5A7-20F9CDA45CF6} = {A39C1CF4-08DC-4073-A598-05311C9AF34C}
		{666A568D-C181-4162-9BD8-4A0C5DD573D3} = {537524FD-C088-4356-B023-39304CCB1F27}
		{A2F7AEEB-11F1-405F-B3C2-A8DA63BF9594} = {537524FD-C088-4356-B023-39304CCB1F27}
		{510E58C6-56AC-4911-97BF-58CA6C2970A9} = {A39C1CF4-08DC-4073-A598-05311C9AF34C}
		{D1692424-904A-4F63-8B5D-509C2FA5EF58} = {A39C1CF4-08DC-4073-A598-05311C9AF34C}
		{581B4FAA-5BF1-4FF3-BF04-B0FDD8BDDDC6} = {6E39EF2A-2364-4A21-A879-A7511DAEB053}
		{578BBFCF-8991-4E57-A079-1962F1615B93} = {C56BB902-4B72-4581-A37C-6C357EF59D2B}
		{D819CD02-7505-4BDE-81A1-0682DCFD4A68} = {86A20BAB-CD99-45EA-A907-19DCA4F5BFFD}
		{693B9288-8E15-453E-AB26-7042AB9FCB70} = {D819CD02-7505-4BDE-81A1-0682DCFD4A68}
	EndGlobalSection
	GlobalSection(ExtensibilityGlobals) = postSolution
		SolutionGuid = {FC00B179-AF59-4167-8549-F28CE809505E}
	EndGlobalSection
EndGlobal
