
Microsoft Visual Studio Solution File, Format Version 12.00
# Visual Studio Version 17
VisualStudioVersion = 17.1.32120.378
MinimumVisualStudioVersion = 10.0.40219.1
Project("{9A19103F-16F7-4668-BE54-9A1E7A4F7556}") = "EnemyCharsFinder", "EnemyCharsFinder\EnemyCharsFinder.csproj", "{00874583-3140-4207-845E-75F343A5E680}"
EndProject
Project("{9A19103F-16F7-4668-BE54-9A1E7A4F7556}") = "AddScrapSesionToDb", "..\AddScrapSesionToDb\AddScrapSesionToDb.csproj", "{D3A324CB-433E-4525-B313-1FF6FEFAC842}"
EndProject
Project("{9A19103F-16F7-4668-BE54-9A1E7A4F7556}") = "CleanScrapSesionsDb", "..\CleanScrapSesionsDb\CleanScrapSesionsDb.csproj", "{9F1D0547-9F45-40FB-979A-B4ADB48AC29C}"
EndProject
Project("{9A19103F-16F7-4668-BE54-9A1E7A4F7556}") = "HangFireHelper", "..\HangFireHelper\HangFireHelper.csproj", "{940D90AF-5485-4C0E-AD9C-225DD6B4ECCA}"
EndProject
Project("{9A19103F-16F7-4668-BE54-9A1E7A4F7556}") = "CharacterAnalizer", "..\CharacterAnalizer\CharacterAnalizer.csproj", "{3BC2B5E6-E99B-4C14-82CE-6707EC05F2E8}"
EndProject
Project("{9A19103F-16F7-4668-BE54-9A1E7A4F7556}") = "TibiaCharFinder", "TibiaCharFinder\TibiaCharFinder.csproj", "{DE7FD001-A0BF-4E83-8EAB-D806843B0BA7}"
EndProject
Project("{9A19103F-16F7-4668-BE54-9A1E7A4F7556}") = "WorldSeeder", "WorldSeeder\WorldSeeder.csproj", "{62683399-B294-47AD-80BE-5B6F79551C32}"
EndProject
Project("{9A19103F-16F7-4668-BE54-9A1E7A4F7556}") = "WorldScanSeeder", "WorldScanSeeder\WorldScanSeeder.csproj", "{C4C15676-0E76-4814-95D0-CF3B9DFCCE67}"
EndProject
Project("{FAE04EC0-301F-11D3-BF4B-00C04F79EFBC}") = "WorldCorrelationSeeder", "WorldCorrelationSeeder\WorldCorrelationSeeder.csproj", "{F531749B-7B81-480E-B363-14B836323D50}"
EndProject
Global
	GlobalSection(SolutionConfigurationPlatforms) = preSolution
		Debug|Any CPU = Debug|Any CPU
		Release|Any CPU = Release|Any CPU
	EndGlobalSection
	GlobalSection(ProjectConfigurationPlatforms) = postSolution
		{00874583-3140-4207-845E-75F343A5E680}.Debug|Any CPU.ActiveCfg = Debug|Any CPU
		{00874583-3140-4207-845E-75F343A5E680}.Debug|Any CPU.Build.0 = Debug|Any CPU
		{00874583-3140-4207-845E-75F343A5E680}.Release|Any CPU.ActiveCfg = Release|Any CPU
		{00874583-3140-4207-845E-75F343A5E680}.Release|Any CPU.Build.0 = Release|Any CPU
		{D3A324CB-433E-4525-B313-1FF6FEFAC842}.Debug|Any CPU.ActiveCfg = Debug|Any CPU
		{D3A324CB-433E-4525-B313-1FF6FEFAC842}.Debug|Any CPU.Build.0 = Debug|Any CPU
		{D3A324CB-433E-4525-B313-1FF6FEFAC842}.Release|Any CPU.ActiveCfg = Release|Any CPU
		{D3A324CB-433E-4525-B313-1FF6FEFAC842}.Release|Any CPU.Build.0 = Release|Any CPU
		{9F1D0547-9F45-40FB-979A-B4ADB48AC29C}.Debug|Any CPU.ActiveCfg = Debug|Any CPU
		{9F1D0547-9F45-40FB-979A-B4ADB48AC29C}.Debug|Any CPU.Build.0 = Debug|Any CPU
		{9F1D0547-9F45-40FB-979A-B4ADB48AC29C}.Release|Any CPU.ActiveCfg = Release|Any CPU
		{9F1D0547-9F45-40FB-979A-B4ADB48AC29C}.Release|Any CPU.Build.0 = Release|Any CPU
		{940D90AF-5485-4C0E-AD9C-225DD6B4ECCA}.Debug|Any CPU.ActiveCfg = Debug|Any CPU
		{940D90AF-5485-4C0E-AD9C-225DD6B4ECCA}.Debug|Any CPU.Build.0 = Debug|Any CPU
		{940D90AF-5485-4C0E-AD9C-225DD6B4ECCA}.Release|Any CPU.ActiveCfg = Release|Any CPU
		{940D90AF-5485-4C0E-AD9C-225DD6B4ECCA}.Release|Any CPU.Build.0 = Release|Any CPU
		{3BC2B5E6-E99B-4C14-82CE-6707EC05F2E8}.Debug|Any CPU.ActiveCfg = Debug|Any CPU
		{3BC2B5E6-E99B-4C14-82CE-6707EC05F2E8}.Debug|Any CPU.Build.0 = Debug|Any CPU
		{3BC2B5E6-E99B-4C14-82CE-6707EC05F2E8}.Release|Any CPU.ActiveCfg = Release|Any CPU
		{3BC2B5E6-E99B-4C14-82CE-6707EC05F2E8}.Release|Any CPU.Build.0 = Release|Any CPU
		{DE7FD001-A0BF-4E83-8EAB-D806843B0BA7}.Debug|Any CPU.ActiveCfg = Debug|Any CPU
		{DE7FD001-A0BF-4E83-8EAB-D806843B0BA7}.Debug|Any CPU.Build.0 = Debug|Any CPU
		{DE7FD001-A0BF-4E83-8EAB-D806843B0BA7}.Release|Any CPU.ActiveCfg = Release|Any CPU
		{DE7FD001-A0BF-4E83-8EAB-D806843B0BA7}.Release|Any CPU.Build.0 = Release|Any CPU
		{62683399-B294-47AD-80BE-5B6F79551C32}.Debug|Any CPU.ActiveCfg = Debug|Any CPU
		{62683399-B294-47AD-80BE-5B6F79551C32}.Debug|Any CPU.Build.0 = Debug|Any CPU
		{62683399-B294-47AD-80BE-5B6F79551C32}.Release|Any CPU.ActiveCfg = Release|Any CPU
		{62683399-B294-47AD-80BE-5B6F79551C32}.Release|Any CPU.Build.0 = Release|Any CPU
		{C4C15676-0E76-4814-95D0-CF3B9DFCCE67}.Debug|Any CPU.ActiveCfg = Debug|Any CPU
		{C4C15676-0E76-4814-95D0-CF3B9DFCCE67}.Debug|Any CPU.Build.0 = Debug|Any CPU
		{C4C15676-0E76-4814-95D0-CF3B9DFCCE67}.Release|Any CPU.ActiveCfg = Release|Any CPU
		{C4C15676-0E76-4814-95D0-CF3B9DFCCE67}.Release|Any CPU.Build.0 = Release|Any CPU
		{F531749B-7B81-480E-B363-14B836323D50}.Debug|Any CPU.ActiveCfg = Debug|Any CPU
		{F531749B-7B81-480E-B363-14B836323D50}.Debug|Any CPU.Build.0 = Debug|Any CPU
		{F531749B-7B81-480E-B363-14B836323D50}.Release|Any CPU.ActiveCfg = Release|Any CPU
		{F531749B-7B81-480E-B363-14B836323D50}.Release|Any CPU.Build.0 = Release|Any CPU
	EndGlobalSection
	GlobalSection(SolutionProperties) = preSolution
		HideSolutionNode = FALSE
	EndGlobalSection
	GlobalSection(ExtensibilityGlobals) = postSolution
		SolutionGuid = {FC00B179-AF59-4167-8549-F28CE809505E}
	EndGlobalSection
EndGlobal
